
Microsoft Visual Studio Solution File, Format Version 12.00
# Visual Studio Version 17
VisualStudioVersion = 17.11.35312.102
MinimumVisualStudioVersion = 10.0.40219.1
Project("{2150E333-8FDC-42A3-9474-1A3956D46DE8}") = "Solution Items", "Solution Items", "{6F72D2FC-3AC9-451F-B6B9-907E32B23B5C}"
	ProjectSection(SolutionItems) = preProject
		.gitignore = .gitignore
		.github\workflows\dotnet.yml = .github\workflows\dotnet.yml
		projscan.json = projscan.json
		README.md = README.md
		t2g.cmd = t2g.cmd
		version.json = version.json
	EndProjectSection
EndProject
Project("{FAE04EC0-301F-11D3-BF4B-00C04F79EFBC}") = "DTOMaker.CSPoco", "DTOMaker.CSPoco\DTOMaker.CSPoco.csproj", "{290D7557-D62B-4627-A168-4A023B95594D}"
EndProject
Project("{FAE04EC0-301F-11D3-BF4B-00C04F79EFBC}") = "DTOMaker.CSPoco.Tests", "DTOMaker.CSPoco.Tests\DTOMaker.CSPoco.Tests.csproj", "{701244A5-7E9C-478C-9459-ADD8CA1E77C0}"
EndProject
Project("{FAE04EC0-301F-11D3-BF4B-00C04F79EFBC}") = "DTOMaker.Runtime.CSPoco", "DTOMaker.Runtime.CSPoco\DTOMaker.Runtime.CSPoco.csproj", "{5C03248D-0420-4861-9E59-787A5E7063DD}"
EndProject
Project("{FAE04EC0-301F-11D3-BF4B-00C04F79EFBC}") = "Template.CSPoco", "Template.CSPoco\Template.CSPoco.csproj", "{A94DC15F-D365-412A-A897-E0082496C84E}"
EndProject
Project("{FAE04EC0-301F-11D3-BF4B-00C04F79EFBC}") = "Template.CSPoco.Tests", "Template.CSPoco.Tests\Template.CSPoco.Tests.csproj", "{F9BA1799-18EF-4787-9281-9C462743552D}"
EndProject
Project("{2150E333-8FDC-42A3-9474-1A3956D46DE8}") = "Common", "Common", "{EA84EF56-0D96-4A7A-9D2C-083AE6C49B62}"
EndProject
Project("{D954291E-2A0B-460D-934E-DC6B0785DB48}") = "DTOMaker.Core.Shared", "DTOMaker.Core.Shared\DTOMaker.Core.Shared.shproj", "{AF5E10B1-3CB5-4C67-87C2-E8E8918CE3CD}"
EndProject
Global
	GlobalSection(SolutionConfigurationPlatforms) = preSolution
		Debug|Any CPU = Debug|Any CPU
		Release|Any CPU = Release|Any CPU
	EndGlobalSection
	GlobalSection(ProjectConfigurationPlatforms) = postSolution
		{290D7557-D62B-4627-A168-4A023B95594D}.Debug|Any CPU.ActiveCfg = Debug|Any CPU
		{290D7557-D62B-4627-A168-4A023B95594D}.Debug|Any CPU.Build.0 = Debug|Any CPU
		{290D7557-D62B-4627-A168-4A023B95594D}.Release|Any CPU.ActiveCfg = Release|Any CPU
		{290D7557-D62B-4627-A168-4A023B95594D}.Release|Any CPU.Build.0 = Release|Any CPU
		{701244A5-7E9C-478C-9459-ADD8CA1E77C0}.Debug|Any CPU.ActiveCfg = Debug|Any CPU
		{701244A5-7E9C-478C-9459-ADD8CA1E77C0}.Debug|Any CPU.Build.0 = Debug|Any CPU
		{701244A5-7E9C-478C-9459-ADD8CA1E77C0}.Release|Any CPU.ActiveCfg = Release|Any CPU
		{701244A5-7E9C-478C-9459-ADD8CA1E77C0}.Release|Any CPU.Build.0 = Release|Any CPU
		{5C03248D-0420-4861-9E59-787A5E7063DD}.Debug|Any CPU.ActiveCfg = Debug|Any CPU
		{5C03248D-0420-4861-9E59-787A5E7063DD}.Debug|Any CPU.Build.0 = Debug|Any CPU
		{5C03248D-0420-4861-9E59-787A5E7063DD}.Release|Any CPU.ActiveCfg = Release|Any CPU
		{5C03248D-0420-4861-9E59-787A5E7063DD}.Release|Any CPU.Build.0 = Release|Any CPU
		{A94DC15F-D365-412A-A897-E0082496C84E}.Debug|Any CPU.ActiveCfg = Debug|Any CPU
		{A94DC15F-D365-412A-A897-E0082496C84E}.Debug|Any CPU.Build.0 = Debug|Any CPU
		{A94DC15F-D365-412A-A897-E0082496C84E}.Release|Any CPU.ActiveCfg = Release|Any CPU
		{A94DC15F-D365-412A-A897-E0082496C84E}.Release|Any CPU.Build.0 = Release|Any CPU
		{F9BA1799-18EF-4787-9281-9C462743552D}.Debug|Any CPU.ActiveCfg = Debug|Any CPU
		{F9BA1799-18EF-4787-9281-9C462743552D}.Debug|Any CPU.Build.0 = Debug|Any CPU
		{F9BA1799-18EF-4787-9281-9C462743552D}.Release|Any CPU.ActiveCfg = Release|Any CPU
		{F9BA1799-18EF-4787-9281-9C462743552D}.Release|Any CPU.Build.0 = Release|Any CPU
	EndGlobalSection
	GlobalSection(SolutionProperties) = preSolution
		HideSolutionNode = FALSE
	EndGlobalSection
	GlobalSection(NestedProjects) = preSolution
		{AF5E10B1-3CB5-4C67-87C2-E8E8918CE3CD} = {EA84EF56-0D96-4A7A-9D2C-083AE6C49B62}
	EndGlobalSection
	GlobalSection(ExtensibilityGlobals) = postSolution
		SolutionGuid = {2C984986-C2C9-4136-A2D4-1A5FE9BDF8F0}
	EndGlobalSection
	GlobalSection(SharedMSBuildProjectFiles) = preSolution
		DTOMaker.Core.Shared\DTOMaker.Core.Shared.projitems*{290d7557-d62b-4627-a168-4a023b95594d}*SharedItemsImports = 5
		DTOMaker.Core.Shared\DTOMaker.Core.Shared.projitems*{af5e10b1-3cb5-4c67-87c2-e8e8918ce3cd}*SharedItemsImports = 13
	EndGlobalSection
EndGlobal
